{
    "_readme": [
        "This file locks the dependencies of your project to a known state",
        "Read more about it at https://getcomposer.org/doc/01-basic-usage.md#installing-dependencies",
        "This file is @generated automatically"
    ],
    "content-hash": "38a5e2a9aefa26e80c8d323a467a7452",
    "packages": [
        {
            "name": "comodojo/exceptions",
            "version": "1.1.0",
            "source": {
                "type": "git",
                "url": "https://github.com/comodojo/exceptions.git",
                "reference": "fdd690054dafd3d5a8fb7feb93dd124e1ae2f5c1"
            },
            "dist": {
                "type": "zip",
                "url": "https://api.github.com/repos/comodojo/exceptions/zipball/fdd690054dafd3d5a8fb7feb93dd124e1ae2f5c1",
                "reference": "fdd690054dafd3d5a8fb7feb93dd124e1ae2f5c1",
                "shasum": ""
            },
            "require": {
                "psr/cache": "^1.0",
                "psr/simple-cache": "^1.0"
            },
            "require-dev": {
                "phpunit/phpunit": "^4.0|^5.0",
                "scrutinizer/ocular": "^1.0"
            },
            "type": "library",
            "autoload": {
                "psr-4": {
                    "Comodojo\\Exception\\": "src/Comodojo/Exception"
                }
            },
            "notification-url": "https://packagist.org/downloads/",
            "license": [
                "MIT"
            ],
            "authors": [
                {
                    "name": "Marco Giovinazzi",
                    "email": "marco.giovinazzi@comodojo.org",
                    "homepage": "http://jme.altervista.org"
                }
            ],
            "description": "Common exceptions for comodojo libs and frameworks",
            "homepage": "https://comodojo.org",
            "keywords": [
                "comodojo",
                "exception"
            ],
            "support": {
                "issues": "https://github.com/comodojo/exceptions/issues",
                "source": "https://github.com/comodojo/exceptions/tree/master"
            },
            "time": "2018-02-08T13:11:13+00:00"
        },
        {
            "name": "comodojo/xmlrpc",
            "version": "1.1.3",
            "source": {
                "type": "git",
                "url": "https://github.com/comodojo/xmlrpc.git",
                "reference": "63aa5fe28647174efe0a3052cb15e7344e1a38a6"
            },
            "dist": {
                "type": "zip",
                "url": "https://api.github.com/repos/comodojo/xmlrpc/zipball/63aa5fe28647174efe0a3052cb15e7344e1a38a6",
                "reference": "63aa5fe28647174efe0a3052cb15e7344e1a38a6",
                "shasum": ""
            },
            "require": {
                "comodojo/exceptions": "^1.0",
                "php": ">=5.1.3"
            },
            "require-dev": {
                "phpunit/phpunit": "^4.0|^5.0",
                "scrutinizer/ocular": "^1.0"
            },
            "type": "library",
            "autoload": {
                "psr-4": {
                    "Comodojo\\Xmlrpc\\": "src/Comodojo/Xmlrpc"
                }
            },
            "notification-url": "https://packagist.org/downloads/",
            "license": [
                "MIT"
            ],
            "authors": [
                {
                    "name": "Marco Giovinazzi",
                    "email": "marco.giovinazzi@comodojo.org",
                    "homepage": "http://jme.altervista.org"
                }
            ],
            "description": "Yet another php xmlrpc decoder/encoder",
            "homepage": "http://comodojo.org",
            "keywords": [
                "comodojo",
                "decoder",
                "encoder",
                "xmlrpc"
            ],
            "support": {
                "issues": "https://github.com/comodojo/xmlrpc/issues",
                "source": "https://github.com/comodojo/xmlrpc/tree/1.1"
            },
            "time": "2018-03-21T22:55:18+00:00"
        },
        {
            "name": "milo/xml-rpc",
            "version": "v3.0.0",
            "source": {
                "type": "git",
                "url": "https://github.com/milo/xml-rpc.git",
                "reference": "e191a46b744050ce21b51851a8de4688012e7b5d"
            },
            "dist": {
                "type": "zip",
                "url": "https://api.github.com/repos/milo/xml-rpc/zipball/e191a46b744050ce21b51851a8de4688012e7b5d",
                "reference": "e191a46b744050ce21b51851a8de4688012e7b5d",
                "shasum": ""
            },
            "require": {
                "ext-dom": "*",
                "ext-libxml": "*",
                "php": ">=7.1"
            },
            "require-dev": {
                "nette/tester": "~2.3.0"
            },
            "type": "library",
            "autoload": {
                "classmap": [
                    "src/"
                ]
            },
            "notification-url": "https://packagist.org/downloads/",
            "license": [
                "BSD-3-Clause",
                "GPL-2.0-only",
                "GPL-3.0-only",
                "MIT"
            ],
            "authors": [
                {
                    "name": "Miloslav Hůla",
                    "email": "miloslav.hula@gmail.com",
                    "homepage": "https://github.com/milo"
                }
            ],
            "description": "Lightweight XML-RPC library.",
            "support": {
                "issues": "https://github.com/milo/xml-rpc/issues",
                "source": "https://github.com/milo/xml-rpc/tree/v3.0.0"
            },
            "time": "2020-04-03T10:52:57+00:00"
        },
        {
            "name": "pear/archive_tar",
            "version": "1.4.14",
            "source": {
                "type": "git",
                "url": "https://github.com/pear/Archive_Tar.git",
                "reference": "4d761c5334c790e45ef3245f0864b8955c562caa"
            },
            "dist": {
                "type": "zip",
                "url": "https://api.github.com/repos/pear/Archive_Tar/zipball/4d761c5334c790e45ef3245f0864b8955c562caa",
                "reference": "4d761c5334c790e45ef3245f0864b8955c562caa",
                "shasum": ""
            },
            "require": {
                "pear/pear-core-minimal": "^1.10.0alpha2",
                "php": ">=5.2.0"
            },
            "require-dev": {
                "phpunit/phpunit": "*"
            },
            "suggest": {
                "ext-bz2": "Bz2 compression support.",
                "ext-xz": "Lzma2 compression support.",
                "ext-zlib": "Gzip compression support."
            },
            "type": "library",
            "extra": {
                "branch-alias": {
                    "dev-master": "1.4.x-dev"
                }
            },
            "autoload": {
                "psr-0": {
                    "Archive_Tar": ""
                }
            },
            "notification-url": "https://packagist.org/downloads/",
            "include-path": [
                "./"
            ],
            "license": [
                "BSD-3-Clause"
            ],
            "authors": [
                {
                    "name": "Vincent Blavet",
                    "email": "vincent@phpconcept.net"
                },
                {
                    "name": "Greg Beaver",
                    "email": "greg@chiaraquartet.net"
                },
                {
                    "name": "Michiel Rook",
                    "email": "mrook@php.net"
                }
            ],
            "description": "Tar file management class with compression support (gzip, bzip2, lzma2)",
            "homepage": "https://github.com/pear/Archive_Tar",
            "keywords": [
                "archive",
                "tar"
            ],
            "support": {
                "issues": "http://pear.php.net/bugs/search.php?cmd=display&package_name[]=Archive_Tar",
                "source": "https://github.com/pear/Archive_Tar"
            },
            "funding": [
                {
                    "url": "https://github.com/mrook",
                    "type": "github"
                },
                {
                    "url": "https://www.patreon.com/michielrook",
                    "type": "patreon"
                }
            ],
            "time": "2021-07-20T13:53:39+00:00"
        },
        {
            "name": "pear/console_getopt",
            "version": "v1.4.3",
            "source": {
                "type": "git",
                "url": "https://github.com/pear/Console_Getopt.git",
                "reference": "a41f8d3e668987609178c7c4a9fe48fecac53fa0"
            },
            "dist": {
                "type": "zip",
                "url": "https://api.github.com/repos/pear/Console_Getopt/zipball/a41f8d3e668987609178c7c4a9fe48fecac53fa0",
                "reference": "a41f8d3e668987609178c7c4a9fe48fecac53fa0",
                "shasum": ""
            },
            "type": "library",
            "autoload": {
                "psr-0": {
                    "Console": "./"
                }
            },
            "notification-url": "https://packagist.org/downloads/",
            "include-path": [
                "./"
            ],
            "license": [
                "BSD-2-Clause"
            ],
            "authors": [
                {
                    "name": "Andrei Zmievski",
                    "email": "andrei@php.net",
                    "role": "Lead"
                },
                {
                    "name": "Stig Bakken",
                    "email": "stig@php.net",
                    "role": "Developer"
                },
                {
                    "name": "Greg Beaver",
                    "email": "cellog@php.net",
                    "role": "Helper"
                }
            ],
            "description": "More info available on: http://pear.php.net/package/Console_Getopt",
            "support": {
                "issues": "http://pear.php.net/bugs/search.php?cmd=display&package_name[]=Console_Getopt",
                "source": "https://github.com/pear/Console_Getopt"
            },
            "time": "2019-11-20T18:27:48+00:00"
        },
        {
            "name": "pear/pear",
            "version": "v1.10.13",
            "source": {
                "type": "git",
                "url": "https://github.com/pear/pear-core.git",
                "reference": "edb8e0cf49755b1c0528c46edaa0238c63cc4d47"
            },
            "dist": {
                "type": "zip",
                "url": "https://api.github.com/repos/pear/pear-core/zipball/edb8e0cf49755b1c0528c46edaa0238c63cc4d47",
                "reference": "edb8e0cf49755b1c0528c46edaa0238c63cc4d47",
                "shasum": ""
            },
            "require": {
                "ext-pcre": "*",
                "ext-xml": "*",
                "pear/archive_tar": "*",
                "pear/console_getopt": "*",
                "pear/structures_graph": "*",
                "pear/xml_util": "*"
            },
            "replace": {
                "pear/pear-core-minimal": "*"
            },
            "require-dev": {
                "phpunit/phpunit": "*"
            },
            "suggest": {
                "pear/pear_frontend_gtk": "For GTK support",
                "pear/pear_frontend_web": "For Web support"
            },
            "type": "library",
            "autoload": {
                "classmap": [
                    "./"
                ]
            },
            "notification-url": "https://packagist.org/downloads/",
            "include-path": [
                "./"
            ],
            "license": [
                "BSD-2-Clause"
            ],
            "authors": [
                {
                    "name": "Greg Beaver",
                    "email": "cellog@php.net",
                    "role": "Lead"
                },
                {
                    "name": "Pierre-Alain Joye",
                    "email": "pierre@php.net",
                    "role": "Lead"
                },
                {
                    "name": "Stig Bakken",
                    "email": "stig@php.net",
                    "role": "Lead"
                },
                {
                    "name": "Tomas V.V.Cox",
                    "email": "cox@idecnet.com",
                    "role": "Lead"
                },
                {
                    "name": "Helgi Thormar",
                    "email": "dufuz@php.net",
                    "role": "Lead"
                },
                {
                    "name": "Tias Guns",
                    "email": "tias@php.net",
                    "role": "Developer"
                },
                {
                    "name": "Tim Jackson",
                    "email": "timj@php.net",
                    "role": "Helper"
                },
                {
                    "name": "Bertrand Gugger",
                    "email": "toggg@php.net",
                    "role": "Helper"
                },
                {
                    "name": "Martin Jansen",
                    "email": "mj@php.net",
                    "role": "Helper"
                }
            ],
            "description": "This is the definitive source of PEAR's core files.",
            "support": {
                "issues": "http://pear.php.net/bugs/search.php?cmd=display&package_name[]=PEAR",
                "source": "https://github.com/pear/PEAR"
            },
            "time": "2021-08-10T22:24:49+00:00"
        },
        {
            "name": "pear/structures_graph",
            "version": "v1.1.1",
            "source": {
                "type": "git",
                "url": "https://github.com/pear/Structures_Graph.git",
                "reference": "608fdc835a62fb238e61bd1cf0aaf6c7a4420b5c"
            },
            "dist": {
                "type": "zip",
                "url": "https://api.github.com/repos/pear/Structures_Graph/zipball/608fdc835a62fb238e61bd1cf0aaf6c7a4420b5c",
                "reference": "608fdc835a62fb238e61bd1cf0aaf6c7a4420b5c",
                "shasum": ""
            },
            "type": "library",
            "autoload": {
                "psr-0": {
                    "Structures": "./"
                }
            },
            "notification-url": "https://packagist.org/downloads/",
            "include-path": [
                "./"
            ],
            "license": [
                "PHP License"
            ],
            "authors": [
                {
                    "name": "Sérgio Carvalho",
                    "email": "sergiosgc@gmail.com",
                    "role": "Lead"
                }
            ],
            "description": "More info available on: http://pear.php.net/package/Structures_Graph",
            "support": {
                "source": "https://github.com/pear/Structures_Graph"
            },
            "time": "2015-07-20T20:05:12+00:00"
        },
        {
            "name": "pear/xml_util",
            "version": "v1.4.5",
            "source": {
                "type": "git",
                "url": "https://github.com/pear/XML_Util.git",
                "reference": "90052e3e7c099ffce3bc83ec4210f88a40b8419a"
            },
            "dist": {
                "type": "zip",
                "url": "https://api.github.com/repos/pear/XML_Util/zipball/90052e3e7c099ffce3bc83ec4210f88a40b8419a",
                "reference": "90052e3e7c099ffce3bc83ec4210f88a40b8419a",
                "shasum": ""
            },
            "require": {
                "pear/pear-core-minimal": "^1.10.1",
                "php": ">=5.4"
            },
            "require-dev": {
                "phpunit/phpunit": "<=7"
            },
            "type": "library",
            "autoload": {
                "psr-0": {
                    "XML_Util": "./"
                }
            },
            "notification-url": "https://packagist.org/downloads/",
            "include-path": [
                "./"
            ],
            "license": [
                "BSD-3-Clause"
            ],
            "authors": [
                {
                    "name": "Chuck Burgess",
                    "email": "ashnazg@php.net",
                    "role": "Lead"
                },
                {
                    "name": "Stephan Schmidt",
                    "email": "schst@php-tools.net",
                    "role": "Lead"
                },
                {
                    "name": "Davey Shafik",
                    "email": "davey@php.net",
                    "role": "Helper"
                }
            ],
            "description": "Methods to work with XML documents",
            "homepage": "http://pear.php.net/package/XML_Util",
            "support": {
                "issues": "http://pear.php.net/bugs/search.php?cmd=display&package_name[]=XML_Util",
                "source": "https://github.com/pear/XML_Util"
            },
            "time": "2020-04-19T15:08:27+00:00"
        },
        {
            "name": "phpxmlrpc/phpxmlrpc",
            "version": "4.6.0",
            "source": {
                "type": "git",
                "url": "https://github.com/gggeek/phpxmlrpc.git",
                "reference": "b9401ffa2174663e376dcbb3aadba09eb62d8d19"
            },
            "dist": {
                "type": "zip",
                "url": "https://api.github.com/repos/gggeek/phpxmlrpc/zipball/b9401ffa2174663e376dcbb3aadba09eb62d8d19",
                "reference": "b9401ffa2174663e376dcbb3aadba09eb62d8d19",
                "shasum": ""
            },
            "require": {
                "ext-xml": "*",
                "php": "^5.3.0 || ^7.0 || ^8.0"
            },
            "conflict": {
                "phpxmlrpc/extras": "<= 0.6.3"
            },
            "require-dev": {
                "docbook/docbook-xsl": "^1.79",
                "ext-curl": "*",
                "ext-dom": "*",
                "ext-mbstring": "*",
                "ext-xsl": "*",
                "indeyets/pake": "^1.99",
                "phpunit/phpunit": "^5.0 || ^8.5.14",
                "phpunit/phpunit-selenium": "*",
                "yoast/phpunit-polyfills": "*"
            },
            "suggest": {
                "ext-curl": "Needed for HTTPS and HTTP 1.1 support, NTLM Auth etc...",
                "ext-mbstring": "Needed to allow reception of requests/responses in character sets other than ASCII,LATIN-1,UTF-8",
                "ext-zlib": "Needed for sending compressed requests and receiving compressed responses, if cURL is not available",
                "phpxmlrpc/extras": "Adds more featured Server classes and other useful bits",
                "phpxmlrpc/jsonrpc": "Adds support for the JSON-RPC protocol",
                "sami/sami": "Required for doc generation using pake. Version constraints: ^3.3 || ^4.1"
            },
            "type": "library",
            "autoload": {
                "psr-4": {
                    "PhpXmlRpc\\": "src/"
                }
            },
            "notification-url": "https://packagist.org/downloads/",
            "license": [
                "BSD-3-Clause"
            ],
            "description": "A php library for building xmlrpc clients and servers",
            "homepage": "https://gggeek.github.io/phpxmlrpc/",
            "keywords": [
                "webservices",
                "xml-rpc",
                "xmlrpc"
            ],
            "support": {
                "issues": "https://github.com/gggeek/phpxmlrpc/issues",
                "source": "https://github.com/gggeek/phpxmlrpc/tree/4.6.0"
            },
            "time": "2021-12-09T18:28:20+00:00"
        },
        {
            "name": "psr/cache",
            "version": "1.0.1",
            "source": {
                "type": "git",
                "url": "https://github.com/php-fig/cache.git",
                "reference": "d11b50ad223250cf17b86e38383413f5a6764bf8"
            },
            "dist": {
                "type": "zip",
                "url": "https://api.github.com/repos/php-fig/cache/zipball/d11b50ad223250cf17b86e38383413f5a6764bf8",
                "reference": "d11b50ad223250cf17b86e38383413f5a6764bf8",
                "shasum": ""
            },
            "require": {
                "php": ">=5.3.0"
            },
            "type": "library",
            "extra": {
                "branch-alias": {
                    "dev-master": "1.0.x-dev"
                }
            },
            "autoload": {
                "psr-4": {
                    "Psr\\Cache\\": "src/"
                }
            },
            "notification-url": "https://packagist.org/downloads/",
            "license": [
                "MIT"
            ],
            "authors": [
                {
                    "name": "PHP-FIG",
                    "homepage": "http://www.php-fig.org/"
                }
            ],
            "description": "Common interface for caching libraries",
            "keywords": [
                "cache",
                "psr",
                "psr-6"
            ],
            "support": {
                "source": "https://github.com/php-fig/cache/tree/master"
            },
            "time": "2016-08-06T20:24:11+00:00"
        },
        {
            "name": "psr/simple-cache",
            "version": "1.0.1",
            "source": {
                "type": "git",
                "url": "https://github.com/php-fig/simple-cache.git",
                "reference": "408d5eafb83c57f6365a3ca330ff23aa4a5fa39b"
            },
            "dist": {
                "type": "zip",
                "url": "https://api.github.com/repos/php-fig/simple-cache/zipball/408d5eafb83c57f6365a3ca330ff23aa4a5fa39b",
                "reference": "408d5eafb83c57f6365a3ca330ff23aa4a5fa39b",
                "shasum": ""
            },
            "require": {
                "php": ">=5.3.0"
            },
            "type": "library",
            "extra": {
                "branch-alias": {
                    "dev-master": "1.0.x-dev"
                }
            },
            "autoload": {
                "psr-4": {
                    "Psr\\SimpleCache\\": "src/"
                }
            },
            "notification-url": "https://packagist.org/downloads/",
            "license": [
                "MIT"
            ],
            "authors": [
                {
                    "name": "PHP-FIG",
                    "homepage": "http://www.php-fig.org/"
                }
            ],
            "description": "Common interfaces for simple caching",
            "keywords": [
                "cache",
                "caching",
                "psr",
                "psr-16",
                "simple-cache"
            ],
            "support": {
                "source": "https://github.com/php-fig/simple-cache/tree/master"
            },
            "time": "2017-10-23T01:57:42+00:00"
        }
    ],
    "packages-dev": [],
    "aliases": [],
    "minimum-stability": "stable",
    "stability-flags": [],
    "prefer-stable": false,
    "prefer-lowest": false,
    "platform": {
        "ext-mbstring": "*",
        "ext-bcmath": "*"
    },
    "platform-dev": [],
    "plugin-api-version": "2.2.0"
}
